
Microsoft Visual Studio Solution File, Format Version 12.00
# Visual Studio Version 16
VisualStudioVersion = 16.0.29728.190
MinimumVisualStudioVersion = 10.0.40219.1
Project("{9A19103F-16F7-4668-BE54-9A1E7A4F7556}") = "Kalk.ConsoleApp", "Kalk.ConsoleApp\Kalk.ConsoleApp.csproj", "{DF31DD47-F8B8-4923-9487-F03007E1F8AF}"
EndProject
Project("{9A19103F-16F7-4668-BE54-9A1E7A4F7556}") = "Consolus", "Consolus\Consolus.csproj", "{C9083B29-E06F-48E0-8901-D3181E08A1E4}"
EndProject
Project("{9A19103F-16F7-4668-BE54-9A1E7A4F7556}") = "Kalk.Core", "Kalk.Core\Kalk.Core.csproj", "{A7947819-B81B-4270-855A-52956696F31E}"
EndProject
Project("{2150E333-8FDC-42A3-9474-1A3956D46DE8}") = "Solution Items", "Solution Items", "{93EA1DCA-85A7-4DCB-B869-A0B560831937}"
	ProjectSection(SolutionItems) = preProject
		..\.github\workflows\ci.yml = ..\.github\workflows\ci.yml
		nuget.config = nuget.config
		version.json = version.json
	EndProjectSection
EndProject
Project("{9A19103F-16F7-4668-BE54-9A1E7A4F7556}") = "Kalk.CodeGen", "Kalk.CodeGen\Kalk.CodeGen.csproj", "{64D48425-B2F1-490D-97D8-E592ACB7E8AD}"
EndProject
Project("{9A19103F-16F7-4668-BE54-9A1E7A4F7556}") = "Consolus.Tests", "Consolus.Tests\Consolus.Tests.csproj", "{ED0613B4-E519-49F6-AC2C-DCC7FCC8C4B1}"
EndProject
Project("{9A19103F-16F7-4668-BE54-9A1E7A4F7556}") = "Kalk.StoreApp", "Kalk.StoreApp\Kalk.StoreApp.csproj", "{0548A1C3-2541-4B54-B5CE-3C5E74C6B469}"
EndProject
Project("{9A19103F-16F7-4668-BE54-9A1E7A4F7556}") = "Kalk.Tests", "Kalk.Tests\Kalk.Tests.csproj", "{DBD063DC-1383-4952-A878-4B2AB1C17237}"
EndProject
Global
	GlobalSection(SolutionConfigurationPlatforms) = preSolution
		Debug|Any CPU = Debug|Any CPU
		Debug|ARM = Debug|ARM
		Debug|ARM64 = Debug|ARM64
		Debug|x64 = Debug|x64
		Debug|x86 = Debug|x86
		Release|Any CPU = Release|Any CPU
		Release|ARM = Release|ARM
		Release|ARM64 = Release|ARM64
		Release|x64 = Release|x64
		Release|x86 = Release|x86
	EndGlobalSection
	GlobalSection(ProjectConfigurationPlatforms) = postSolution
		{DF31DD47-F8B8-4923-9487-F03007E1F8AF}.Debug|Any CPU.ActiveCfg = Debug|Any CPU
		{DF31DD47-F8B8-4923-9487-F03007E1F8AF}.Debug|Any CPU.Build.0 = Debug|Any CPU
		{DF31DD47-F8B8-4923-9487-F03007E1F8AF}.Debug|ARM.ActiveCfg = Debug|Any CPU
		{DF31DD47-F8B8-4923-9487-F03007E1F8AF}.Debug|ARM.Build.0 = Debug|Any CPU
		{DF31DD47-F8B8-4923-9487-F03007E1F8AF}.Debug|ARM64.ActiveCfg = Debug|Any CPU
		{DF31DD47-F8B8-4923-9487-F03007E1F8AF}.Debug|ARM64.Build.0 = Debug|Any CPU
		{DF31DD47-F8B8-4923-9487-F03007E1F8AF}.Debug|x64.ActiveCfg = Debug|Any CPU
		{DF31DD47-F8B8-4923-9487-F03007E1F8AF}.Debug|x64.Build.0 = Debug|Any CPU
		{DF31DD47-F8B8-4923-9487-F03007E1F8AF}.Debug|x86.ActiveCfg = Debug|Any CPU
		{DF31DD47-F8B8-4923-9487-F03007E1F8AF}.Debug|x86.Build.0 = Debug|Any CPU
		{DF31DD47-F8B8-4923-9487-F03007E1F8AF}.Release|Any CPU.ActiveCfg = Release|Any CPU
		{DF31DD47-F8B8-4923-9487-F03007E1F8AF}.Release|Any CPU.Build.0 = Release|Any CPU
		{DF31DD47-F8B8-4923-9487-F03007E1F8AF}.Release|ARM.ActiveCfg = Release|Any CPU
		{DF31DD47-F8B8-4923-9487-F03007E1F8AF}.Release|ARM.Build.0 = Release|Any CPU
		{DF31DD47-F8B8-4923-9487-F03007E1F8AF}.Release|ARM64.ActiveCfg = Release|Any CPU
		{DF31DD47-F8B8-4923-9487-F03007E1F8AF}.Release|ARM64.Build.0 = Release|Any CPU
		{DF31DD47-F8B8-4923-9487-F03007E1F8AF}.Release|x64.ActiveCfg = Release|Any CPU
		{DF31DD47-F8B8-4923-9487-F03007E1F8AF}.Release|x64.Build.0 = Release|Any CPU
		{DF31DD47-F8B8-4923-9487-F03007E1F8AF}.Release|x86.ActiveCfg = Release|Any CPU
		{DF31DD47-F8B8-4923-9487-F03007E1F8AF}.Release|x86.Build.0 = Release|Any CPU
		{C9083B29-E06F-48E0-8901-D3181E08A1E4}.Debug|Any CPU.ActiveCfg = Debug|Any CPU
		{C9083B29-E06F-48E0-8901-D3181E08A1E4}.Debug|Any CPU.Build.0 = Debug|Any CPU
		{C9083B29-E06F-48E0-8901-D3181E08A1E4}.Debug|ARM.ActiveCfg = Debug|Any CPU
		{C9083B29-E06F-48E0-8901-D3181E08A1E4}.Debug|ARM.Build.0 = Debug|Any CPU
		{C9083B29-E06F-48E0-8901-D3181E08A1E4}.Debug|ARM64.ActiveCfg = Debug|Any CPU
		{C9083B29-E06F-48E0-8901-D3181E08A1E4}.Debug|ARM64.Build.0 = Debug|Any CPU
		{C9083B29-E06F-48E0-8901-D3181E08A1E4}.Debug|x64.ActiveCfg = Debug|Any CPU
		{C9083B29-E06F-48E0-8901-D3181E08A1E4}.Debug|x64.Build.0 = Debug|Any CPU
		{C9083B29-E06F-48E0-8901-D3181E08A1E4}.Debug|x86.ActiveCfg = Debug|Any CPU
		{C9083B29-E06F-48E0-8901-D3181E08A1E4}.Debug|x86.Build.0 = Debug|Any CPU
		{C9083B29-E06F-48E0-8901-D3181E08A1E4}.Release|Any CPU.ActiveCfg = Release|Any CPU
		{C9083B29-E06F-48E0-8901-D3181E08A1E4}.Release|Any CPU.Build.0 = Release|Any CPU
		{C9083B29-E06F-48E0-8901-D3181E08A1E4}.Release|ARM.ActiveCfg = Release|Any CPU
		{C9083B29-E06F-48E0-8901-D3181E08A1E4}.Release|ARM.Build.0 = Release|Any CPU
		{C9083B29-E06F-48E0-8901-D3181E08A1E4}.Release|ARM64.ActiveCfg = Release|Any CPU
		{C9083B29-E06F-48E0-8901-D3181E08A1E4}.Release|ARM64.Build.0 = Release|Any CPU
		{C9083B29-E06F-48E0-8901-D3181E08A1E4}.Release|x64.ActiveCfg = Release|Any CPU
		{C9083B29-E06F-48E0-8901-D3181E08A1E4}.Release|x64.Build.0 = Release|Any CPU
		{C9083B29-E06F-48E0-8901-D3181E08A1E4}.Release|x86.ActiveCfg = Release|Any CPU
		{C9083B29-E06F-48E0-8901-D3181E08A1E4}.Release|x86.Build.0 = Release|Any CPU
		{A7947819-B81B-4270-855A-52956696F31E}.Debug|Any CPU.ActiveCfg = Debug|Any CPU
		{A7947819-B81B-4270-855A-52956696F31E}.Debug|Any CPU.Build.0 = Debug|Any CPU
		{A7947819-B81B-4270-855A-52956696F31E}.Debug|ARM.ActiveCfg = Debug|Any CPU
		{A7947819-B81B-4270-855A-52956696F31E}.Debug|ARM.Build.0 = Debug|Any CPU
		{A7947819-B81B-4270-855A-52956696F31E}.Debug|ARM64.ActiveCfg = Debug|Any CPU
		{A7947819-B81B-4270-855A-52956696F31E}.Debug|ARM64.Build.0 = Debug|Any CPU
		{A7947819-B81B-4270-855A-52956696F31E}.Debug|x64.ActiveCfg = Debug|Any CPU
		{A7947819-B81B-4270-855A-52956696F31E}.Debug|x64.Build.0 = Debug|Any CPU
		{A7947819-B81B-4270-855A-52956696F31E}.Debug|x86.ActiveCfg = Debug|Any CPU
		{A7947819-B81B-4270-855A-52956696F31E}.Debug|x86.Build.0 = Debug|Any CPU
		{A7947819-B81B-4270-855A-52956696F31E}.Release|Any CPU.ActiveCfg = Release|Any CPU
		{A7947819-B81B-4270-855A-52956696F31E}.Release|Any CPU.Build.0 = Release|Any CPU
		{A7947819-B81B-4270-855A-52956696F31E}.Release|ARM.ActiveCfg = Release|Any CPU
		{A7947819-B81B-4270-855A-52956696F31E}.Release|ARM.Build.0 = Release|Any CPU
		{A7947819-B81B-4270-855A-52956696F31E}.Release|ARM64.ActiveCfg = Release|Any CPU
		{A7947819-B81B-4270-855A-52956696F31E}.Release|ARM64.Build.0 = Release|Any CPU
		{A7947819-B81B-4270-855A-52956696F31E}.Release|x64.ActiveCfg = Release|Any CPU
		{A7947819-B81B-4270-855A-52956696F31E}.Release|x64.Build.0 = Release|Any CPU
		{A7947819-B81B-4270-855A-52956696F31E}.Release|x86.ActiveCfg = Release|Any CPU
		{A7947819-B81B-4270-855A-52956696F31E}.Release|x86.Build.0 = Release|Any CPU
		{64D48425-B2F1-490D-97D8-E592ACB7E8AD}.Debug|Any CPU.ActiveCfg = Debug|Any CPU
		{64D48425-B2F1-490D-97D8-E592ACB7E8AD}.Debug|Any CPU.Build.0 = Debug|Any CPU
		{64D48425-B2F1-490D-97D8-E592ACB7E8AD}.Debug|ARM.ActiveCfg = Debug|Any CPU
		{64D48425-B2F1-490D-97D8-E592ACB7E8AD}.Debug|ARM.Build.0 = Debug|Any CPU
		{64D48425-B2F1-490D-97D8-E592ACB7E8AD}.Debug|ARM64.ActiveCfg = Debug|Any CPU
		{64D48425-B2F1-490D-97D8-E592ACB7E8AD}.Debug|ARM64.Build.0 = Debug|Any CPU
		{64D48425-B2F1-490D-97D8-E592ACB7E8AD}.Debug|x64.ActiveCfg = Debug|Any CPU
		{64D48425-B2F1-490D-97D8-E592ACB7E8AD}.Debug|x64.Build.0 = Debug|Any CPU
		{64D48425-B2F1-490D-97D8-E592ACB7E8AD}.Debug|x86.ActiveCfg = Debug|Any CPU
		{64D48425-B2F1-490D-97D8-E592ACB7E8AD}.Debug|x86.Build.0 = Debug|Any CPU
		{64D48425-B2F1-490D-97D8-E592ACB7E8AD}.Release|Any CPU.ActiveCfg = Release|Any CPU
		{64D48425-B2F1-490D-97D8-E592ACB7E8AD}.Release|Any CPU.Build.0 = Release|Any CPU
		{64D48425-B2F1-490D-97D8-E592ACB7E8AD}.Release|ARM.ActiveCfg = Release|Any CPU
		{64D48425-B2F1-490D-97D8-E592ACB7E8AD}.Release|ARM.Build.0 = Release|Any CPU
		{64D48425-B2F1-490D-97D8-E592ACB7E8AD}.Release|ARM64.ActiveCfg = Release|Any CPU
		{64D48425-B2F1-490D-97D8-E592ACB7E8AD}.Release|ARM64.Build.0 = Release|Any CPU
		{64D48425-B2F1-490D-97D8-E592ACB7E8AD}.Release|x64.ActiveCfg = Release|Any CPU
		{64D48425-B2F1-490D-97D8-E592ACB7E8AD}.Release|x64.Build.0 = Release|Any CPU
		{64D48425-B2F1-490D-97D8-E592ACB7E8AD}.Release|x86.ActiveCfg = Release|Any CPU
		{64D48425-B2F1-490D-97D8-E592ACB7E8AD}.Release|x86.Build.0 = Release|Any CPU
		{ED0613B4-E519-49F6-AC2C-DCC7FCC8C4B1}.Debug|Any CPU.ActiveCfg = Debug|Any CPU
		{ED0613B4-E519-49F6-AC2C-DCC7FCC8C4B1}.Debug|Any CPU.Build.0 = Debug|Any CPU
		{ED0613B4-E519-49F6-AC2C-DCC7FCC8C4B1}.Debug|ARM.ActiveCfg = Debug|Any CPU
		{ED0613B4-E519-49F6-AC2C-DCC7FCC8C4B1}.Debug|ARM.Build.0 = Debug|Any CPU
		{ED0613B4-E519-49F6-AC2C-DCC7FCC8C4B1}.Debug|ARM64.ActiveCfg = Debug|Any CPU
		{ED0613B4-E519-49F6-AC2C-DCC7FCC8C4B1}.Debug|ARM64.Build.0 = Debug|Any CPU
		{ED0613B4-E519-49F6-AC2C-DCC7FCC8C4B1}.Debug|x64.ActiveCfg = Debug|Any CPU
		{ED0613B4-E519-49F6-AC2C-DCC7FCC8C4B1}.Debug|x64.Build.0 = Debug|Any CPU
		{ED0613B4-E519-49F6-AC2C-DCC7FCC8C4B1}.Debug|x86.ActiveCfg = Debug|Any CPU
		{ED0613B4-E519-49F6-AC2C-DCC7FCC8C4B1}.Debug|x86.Build.0 = Debug|Any CPU
		{ED0613B4-E519-49F6-AC2C-DCC7FCC8C4B1}.Release|Any CPU.ActiveCfg = Release|Any CPU
		{ED0613B4-E519-49F6-AC2C-DCC7FCC8C4B1}.Release|Any CPU.Build.0 = Release|Any CPU
		{ED0613B4-E519-49F6-AC2C-DCC7FCC8C4B1}.Release|ARM.ActiveCfg = Release|Any CPU
		{ED0613B4-E519-49F6-AC2C-DCC7FCC8C4B1}.Release|ARM.Build.0 = Release|Any CPU
		{ED0613B4-E519-49F6-AC2C-DCC7FCC8C4B1}.Release|ARM64.ActiveCfg = Release|Any CPU
		{ED0613B4-E519-49F6-AC2C-DCC7FCC8C4B1}.Release|ARM64.Build.0 = Release|Any CPU
		{ED0613B4-E519-49F6-AC2C-DCC7FCC8C4B1}.Release|x64.ActiveCfg = Release|Any CPU
		{ED0613B4-E519-49F6-AC2C-DCC7FCC8C4B1}.Release|x64.Build.0 = Release|Any CPU
		{ED0613B4-E519-49F6-AC2C-DCC7FCC8C4B1}.Release|x86.ActiveCfg = Release|Any CPU
		{ED0613B4-E519-49F6-AC2C-DCC7FCC8C4B1}.Release|x86.Build.0 = Release|Any CPU
		{0548A1C3-2541-4B54-B5CE-3C5E74C6B469}.Debug|Any CPU.ActiveCfg = Debug|x64
		{0548A1C3-2541-4B54-B5CE-3C5E74C6B469}.Debug|Any CPU.Build.0 = Debug|x64
		{0548A1C3-2541-4B54-B5CE-3C5E74C6B469}.Debug|ARM.ActiveCfg = Debug|x64
		{0548A1C3-2541-4B54-B5CE-3C5E74C6B469}.Debug|ARM64.ActiveCfg = Debug|x64
		{0548A1C3-2541-4B54-B5CE-3C5E74C6B469}.Debug|x64.ActiveCfg = Debug|x64
		{0548A1C3-2541-4B54-B5CE-3C5E74C6B469}.Debug|x64.Build.0 = Debug|x64
		{0548A1C3-2541-4B54-B5CE-3C5E74C6B469}.Debug|x86.ActiveCfg = Debug|x64
		{0548A1C3-2541-4B54-B5CE-3C5E74C6B469}.Release|Any CPU.ActiveCfg = Release|x64
		{0548A1C3-2541-4B54-B5CE-3C5E74C6B469}.Release|Any CPU.Build.0 = Release|x64
		{0548A1C3-2541-4B54-B5CE-3C5E74C6B469}.Release|ARM.ActiveCfg = Release|x64
		{0548A1C3-2541-4B54-B5CE-3C5E74C6B469}.Release|ARM64.ActiveCfg = Release|x64
		{0548A1C3-2541-4B54-B5CE-3C5E74C6B469}.Release|x64.ActiveCfg = Release|x64
		{0548A1C3-2541-4B54-B5CE-3C5E74C6B469}.Release|x64.Build.0 = Release|x64
		{0548A1C3-2541-4B54-B5CE-3C5E74C6B469}.Release|x86.ActiveCfg = Release|x64
		{DBD063DC-1383-4952-A878-4B2AB1C17237}.Debug|Any CPU.ActiveCfg = Debug|Any CPU
		{DBD063DC-1383-4952-A878-4B2AB1C17237}.Debug|Any CPU.Build.0 = Debug|Any CPU
		{DBD063DC-1383-4952-A878-4B2AB1C17237}.Debug|ARM.ActiveCfg = Debug|Any CPU
		{DBD063DC-1383-4952-A878-4B2AB1C17237}.Debug|ARM.Build.0 = Debug|Any CPU
		{DBD063DC-1383-4952-A878-4B2AB1C17237}.Debug|ARM64.ActiveCfg = Debug|Any CPU
		{DBD063DC-1383-4952-A878-4B2AB1C17237}.Debug|ARM64.Build.0 = Debug|Any CPU
		{DBD063DC-1383-4952-A878-4B2AB1C17237}.Debug|x64.ActiveCfg = Debug|Any CPU
		{DBD063DC-1383-4952-A878-4B2AB1C17237}.Debug|x64.Build.0 = Debug|Any CPU
		{DBD063DC-1383-4952-A878-4B2AB1C17237}.Debug|x86.ActiveCfg = Debug|Any CPU
		{DBD063DC-1383-4952-A878-4B2AB1C17237}.Debug|x86.Build.0 = Debug|Any CPU
		{DBD063DC-1383-4952-A878-4B2AB1C17237}.Release|Any CPU.ActiveCfg = Release|Any CPU
		{DBD063DC-1383-4952-A878-4B2AB1C17237}.Release|Any CPU.Build.0 = Release|Any CPU
		{DBD063DC-1383-4952-A878-4B2AB1C17237}.Release|ARM.ActiveCfg = Release|Any CPU
		{DBD063DC-1383-4952-A878-4B2AB1C17237}.Release|ARM.Build.0 = Release|Any CPU
		{DBD063DC-1383-4952-A878-4B2AB1C17237}.Release|ARM64.ActiveCfg = Release|Any CPU
		{DBD063DC-1383-4952-A878-4B2AB1C17237}.Release|ARM64.Build.0 = Release|Any CPU
		{DBD063DC-1383-4952-A878-4B2AB1C17237}.Release|x64.ActiveCfg = Release|Any CPU
		{DBD063DC-1383-4952-A878-4B2AB1C17237}.Release|x64.Build.0 = Release|Any CPU
		{DBD063DC-1383-4952-A878-4B2AB1C17237}.Release|x86.ActiveCfg = Release|Any CPU
		{DBD063DC-1383-4952-A878-4B2AB1C17237}.Release|x86.Build.0 = Release|Any CPU
	EndGlobalSection
	GlobalSection(SolutionProperties) = preSolution
		HideSolutionNode = FALSE
	EndGlobalSection
	GlobalSection(ExtensibilityGlobals) = postSolution
		SolutionGuid = {28AA0E97-844A-4FBF-AF7B-25EFB4664566}
	EndGlobalSection
EndGlobal
